
Microsoft Visual Studio Solution File, Format Version 12.00
# Visual Studio Version 17
VisualStudioVersion = 17.9.34723.18
MinimumVisualStudioVersion = 10.0.40219.1
Project("{FAE04EC0-301F-11D3-BF4B-00C04F79EFBC}") = "GitHubDemo", "GitHubDemo\GitHubDemo.csproj", "{12A00499-9A64-4087-89C0-FC3A557793D3}"
EndProject
Global
	GlobalSection(SolutionConfigurationPlatforms) = preSolution
		Debug|Any CPU = Debug|Any CPU
		Release|Any CPU = Release|Any CPU
	EndGlobalSection
	GlobalSection(ProjectConfigurationPlatforms) = postSolution
		{12A00499-9A64-4087-89C0-FC3A557793D3}.Debug|Any CPU.ActiveCfg = Debug|Any CPU
		{12A00499-9A64-4087-89C0-FC3A557793D3}.Debug|Any CPU.Build.0 = Debug|Any CPU
		{12A00499-9A64-4087-89C0-FC3A557793D3}.Release|Any CPU.ActiveCfg = Release|Any CPU
		{12A00499-9A64-4087-89C0-FC3A557793D3}.Release|Any CPU.Build.0 = Release|Any CPU
	EndGlobalSection
	GlobalSection(SolutionProperties) = preSolution
		HideSolutionNode = FALSE
	EndGlobalSection
	GlobalSection(ExtensibilityGlobals) = postSolution
		SolutionGuid = {599C7FA8-AD3C-4A51-8E1E-BCAAEB8E538A}
	EndGlobalSection
EndGlobal
